
Microsoft Visual Studio Solution File, Format Version 12.00
# Visual Studio Version 16
VisualStudioVersion = 16.0.31424.327
MinimumVisualStudioVersion = 10.0.40219.1
Project("{FAE04EC0-301F-11D3-BF4B-00C04F79EFBC}") = "LBJOEE", "LBJOEE\LBJOEE.csproj", "{91A0EA19-DFE6-4819-93B1-C41122A6C52E}"
EndProject
Project("{FAE04EC0-301F-11D3-BF4B-00C04F79EFBC}") = "LBJOEEUpdateService", "LBJOEEUpdateService\LBJOEEUpdateService.csproj", "{51E4174A-DA0C-4B3C-810E-54C1E37FFCE6}"
EndProject
Project("{54435603-DBB4-11D2-8724-00A0C9A8B90C}") = "Setup", "Setup\Setup.vdproj", "{340153E4-4A28-42F1-A14F-BBCB7B1A0658}"
EndProject
Project("{FAE04EC0-301F-11D3-BF4B-00C04F79EFBC}") = "OEECalc", "OEECalc\OEECalc.csproj", "{D04B1722-CE74-46C0-8D1C-5A7C0A05DE8E}"
EndProject
Project("{FAE04EC0-301F-11D3-BF4B-00C04F79EFBC}") = "UnitTestProject1", "UnitTestProject1\UnitTestProject1.csproj", "{E9E93D0F-A915-4F80-8234-AA38DE32A9AF}"
EndProject
Global
	GlobalSection(SolutionConfigurationPlatforms) = preSolution
		Debug|Any CPU = Debug|Any CPU
		Release|Any CPU = Release|Any CPU
	EndGlobalSection
	GlobalSection(ProjectConfigurationPlatforms) = postSolution
		{91A0EA19-DFE6-4819-93B1-C41122A6C52E}.Debug|Any CPU.ActiveCfg = Debug|Any CPU
		{91A0EA19-DFE6-4819-93B1-C41122A6C52E}.Debug|Any CPU.Build.0 = Debug|Any CPU
		{91A0EA19-DFE6-4819-93B1-C41122A6C52E}.Release|Any CPU.ActiveCfg = Release|Any CPU
		{91A0EA19-DFE6-4819-93B1-C41122A6C52E}.Release|Any CPU.Build.0 = Release|Any CPU
		{51E4174A-DA0C-4B3C-810E-54C1E37FFCE6}.Debug|Any CPU.ActiveCfg = Debug|Any CPU
		{51E4174A-DA0C-4B3C-810E-54C1E37FFCE6}.Debug|Any CPU.Build.0 = Debug|Any CPU
		{51E4174A-DA0C-4B3C-810E-54C1E37FFCE6}.Release|Any CPU.ActiveCfg = Release|Any CPU
		{51E4174A-DA0C-4B3C-810E-54C1E37FFCE6}.Release|Any CPU.Build.0 = Release|Any CPU
		{340153E4-4A28-42F1-A14F-BBCB7B1A0658}.Debug|Any CPU.ActiveCfg = Debug
		{340153E4-4A28-42F1-A14F-BBCB7B1A0658}.Release|Any CPU.ActiveCfg = Release
		{D04B1722-CE74-46C0-8D1C-5A7C0A05DE8E}.Debug|Any CPU.ActiveCfg = Debug|Any CPU
		{D04B1722-CE74-46C0-8D1C-5A7C0A05DE8E}.Debug|Any CPU.Build.0 = Debug|Any CPU
		{D04B1722-CE74-46C0-8D1C-5A7C0A05DE8E}.Release|Any CPU.ActiveCfg = Release|Any CPU
		{D04B1722-CE74-46C0-8D1C-5A7C0A05DE8E}.Release|Any CPU.Build.0 = Release|Any CPU
		{E9E93D0F-A915-4F80-8234-AA38DE32A9AF}.Debug|Any CPU.ActiveCfg = Debug|Any CPU
		{E9E93D0F-A915-4F80-8234-AA38DE32A9AF}.Debug|Any CPU.Build.0 = Debug|Any CPU
		{E9E93D0F-A915-4F80-8234-AA38DE32A9AF}.Release|Any CPU.ActiveCfg = Release|Any CPU
		{E9E93D0F-A915-4F80-8234-AA38DE32A9AF}.Release|Any CPU.Build.0 = Release|Any CPU
	EndGlobalSection
	GlobalSection(SolutionProperties) = preSolution
		HideSolutionNode = FALSE
	EndGlobalSection
	GlobalSection(ExtensibilityGlobals) = postSolution
		SolutionGuid = {10C2B44F-18C1-41B0-9FB2-8F6D5A51E13D}
	EndGlobalSection
EndGlobal
